{
  "lockfileVersion": 1,
  "workspaces": {
    "": {
      "name": "s3-sdk",
      "devDependencies": {
        "@types/bun": "latest",
      },
      "peerDependencies": {
        "typescript": "^5",
      },
    },
  },
  "packages": {
    "@types/bun": ["@types/bun@1.1.17", "http://registry.m.jd.com/@types/bun/download/@types/bun-1.1.17.tgz", { "dependencies": { "bun-types": "1.1.44" } }, "sha1-EVCEmqslQ38KIFhH0n5o+cQhH3c="],

    "@types/node": ["@types/node@20.12.14", "http://registry.m.jd.com/@types/node/download/@types/node-20.12.14.tgz", { "dependencies": { "undici-types": "~5.26.4" } }, "sha1-DFz37yau39ZLBTm7qTgO0fV9zHc="],

    "@types/ws": ["@types/ws@8.5.14", "http://registry.m.jd.com/@types/ws/download/@types/ws-8.5.14.tgz", { "dependencies": { "@types/node": "*" } }, "sha1-k9RLJoyRJ9lgJs9ENTcl3ZtsPCE="],

    "bun-types": ["bun-types@1.1.44", "http://registry.m.jd.com/bun-types/download/bun-types-1.1.44.tgz", { "dependencies": { "@types/node": "~20.12.8", "@types/ws": "~8.5.10" } }, "sha1-eCakNoZB1S8wrnZoW7XmpgM4F28="],

    "typescript": ["typescript@5.8.3", "http://registry.m.jd.com/typescript/download/typescript-5.8.3.tgz", { "bin": { "tsc": "bin/tsc", "tsserver": "bin/tsserver" } }, "sha1-kvij5ePPSXNW9BeMNM1lp/XoRA4="],

    "undici-types": ["undici-types@5.26.5", "http://registry.m.jd.com/undici-types/download/undici-types-5.26.5.tgz", {}, "sha1-vNU5iT0AtW6WT9JlekhmsiGmVhc="],
  }
}
